
Microsoft Visual Studio Solution File, Format Version 12.00
# Visual Studio Version 17
VisualStudioVersion = 17.14.36414.22
MinimumVisualStudioVersion = 10.0.40219.1
Project("{FAE04EC0-301F-11D3-BF4B-00C04F79EFBC}") = "CadastroClientes", "CadastroClientes\CadastroClientes.csproj", "{F24F9228-A307-479A-BA18-74FA658640F2}"
EndProject
Project("{FAE04EC0-301F-11D3-BF4B-00C04F79EFBC}") = "CadastroClientesPolimorfismo", "CadastroClientesPolimorfismo\CadastroClientesPolimorfismo.csproj", "{457E6BCF-997D-4433-91C8-FA035AFE0D28}"
EndProject
Project("{FAE04EC0-301F-11D3-BF4B-00C04F79EFBC}") = "Polimorfismo", "polimorfismo\Polimorfismo.csproj", "{30F12CA0-3A57-4F74-9B24-ECB9131589A3}"
EndProject
Project("{FAE04EC0-301F-11D3-BF4B-00C04F79EFBC}") = "CadastroClientesInterfaces", "CadastroClientesInterfaces\CadastroClientesInterfaces.csproj", "{C4CF97B4-05D9-4EBD-997E-624F8D253DFA}"
EndProject
Project("{FAE04EC0-301F-11D3-BF4B-00C04F79EFBC}") = "Interfaces", "Interfaces\Interfaces.csproj", "{1EA66E40-D0D1-427C-9A9C-2FB598D77578}"
EndProject
Global
	GlobalSection(SolutionConfigurationPlatforms) = preSolution
		Debug|Any CPU = Debug|Any CPU
		Release|Any CPU = Release|Any CPU
	EndGlobalSection
	GlobalSection(ProjectConfigurationPlatforms) = postSolution
		{F24F9228-A307-479A-BA18-74FA658640F2}.Debug|Any CPU.ActiveCfg = Debug|Any CPU
		{F24F9228-A307-479A-BA18-74FA658640F2}.Debug|Any CPU.Build.0 = Debug|Any CPU
		{F24F9228-A307-479A-BA18-74FA658640F2}.Release|Any CPU.ActiveCfg = Release|Any CPU
		{F24F9228-A307-479A-BA18-74FA658640F2}.Release|Any CPU.Build.0 = Release|Any CPU
		{457E6BCF-997D-4433-91C8-FA035AFE0D28}.Debug|Any CPU.ActiveCfg = Debug|Any CPU
		{457E6BCF-997D-4433-91C8-FA035AFE0D28}.Debug|Any CPU.Build.0 = Debug|Any CPU
		{457E6BCF-997D-4433-91C8-FA035AFE0D28}.Release|Any CPU.ActiveCfg = Release|Any CPU
		{457E6BCF-997D-4433-91C8-FA035AFE0D28}.Release|Any CPU.Build.0 = Release|Any CPU
		{30F12CA0-3A57-4F74-9B24-ECB9131589A3}.Debug|Any CPU.ActiveCfg = Debug|Any CPU
		{30F12CA0-3A57-4F74-9B24-ECB9131589A3}.Debug|Any CPU.Build.0 = Debug|Any CPU
		{30F12CA0-3A57-4F74-9B24-ECB9131589A3}.Release|Any CPU.ActiveCfg = Release|Any CPU
		{30F12CA0-3A57-4F74-9B24-ECB9131589A3}.Release|Any CPU.Build.0 = Release|Any CPU
		{C4CF97B4-05D9-4EBD-997E-624F8D253DFA}.Debug|Any CPU.ActiveCfg = Debug|Any CPU
		{C4CF97B4-05D9-4EBD-997E-624F8D253DFA}.Debug|Any CPU.Build.0 = Debug|Any CPU
		{C4CF97B4-05D9-4EBD-997E-624F8D253DFA}.Release|Any CPU.ActiveCfg = Release|Any CPU
		{C4CF97B4-05D9-4EBD-997E-624F8D253DFA}.Release|Any CPU.Build.0 = Release|Any CPU
		{1EA66E40-D0D1-427C-9A9C-2FB598D77578}.Debug|Any CPU.ActiveCfg = Debug|Any CPU
		{1EA66E40-D0D1-427C-9A9C-2FB598D77578}.Debug|Any CPU.Build.0 = Debug|Any CPU
		{1EA66E40-D0D1-427C-9A9C-2FB598D77578}.Release|Any CPU.ActiveCfg = Release|Any CPU
		{1EA66E40-D0D1-427C-9A9C-2FB598D77578}.Release|Any CPU.Build.0 = Release|Any CPU
	EndGlobalSection
	GlobalSection(SolutionProperties) = preSolution
		HideSolutionNode = FALSE
	EndGlobalSection
	GlobalSection(ExtensibilityGlobals) = postSolution
		SolutionGuid = {AAC55D2F-52F0-4320-A5C2-AB9A54AC29C5}
	EndGlobalSection
EndGlobal
